{
  "version": 4,
  "terraform_version": "0.14.8",
  "serial": 19,
  "lineage": "5fa192fc-f43c-5297-d42e-2646d2abacf0",
  "outputs": {},
  "resources": [
    {
      "mode": "data",
      "type": "aws_ami",
      "name": "my_ami",
      "provider": "provider[\"registry.terraform.io/hashicorp/aws\"]",
      "instances": [
        {
          "schema_version": 0,
          "attributes": {
            "architecture": "x86_64",
            "arn": "arn:aws:ec2:us-east-1::image/ami-03a0f065cf8cd2683",
            "block_device_mappings": [
              {
                "device_name": "/dev/xvda",
                "ebs": {
                  "delete_on_termination": "true",
                  "encrypted": "false",
                  "iops": "0",
                  "snapshot_id": "snap-08608ffb38ddac7b4",
                  "throughput": "0",
                  "volume_size": "8",
                  "volume_type": "gp2"
                },
                "no_device": "",
                "virtual_name": ""
              }
            ],
            "creation_date": "2021-03-28T05:25:29.000Z",
            "description": null,
            "ena_support": true,
            "executable_users": null,
            "filter": [
              {
                "name": "name",
                "values": [
                  "ansible*"
                ]
              }
            ],
            "hypervisor": "xen",
            "id": "ami-03a0f065cf8cd2683",
            "image_id": "ami-03a0f065cf8cd2683",
            "image_location": "021510583954/ansible ami 20210328052011",
            "image_owner_alias": null,
            "image_type": "machine",
            "kernel_id": null,
            "most_recent": true,
            "name": "ansible ami 20210328052011",
            "name_regex": null,
            "owner_id": "021510583954",
            "owners": [
              "021510583954"
            ],
            "platform": null,
            "platform_details": "Linux/UNIX",
            "product_codes": [],
            "public": false,
            "ramdisk_id": null,
            "root_device_name": "/dev/xvda",
            "root_device_type": "ebs",
            "root_snapshot_id": "snap-08608ffb38ddac7b4",
            "sriov_net_support": "simple",
            "state": "available",
            "state_reason": {
              "code": "UNSET",
              "message": "UNSET"
            },
            "tags": {},
            "usage_operation": "RunInstances",
            "virtualization_type": "hvm"
          },
          "sensitive_attributes": []
        }
      ]
    },
    {
      "mode": "managed",
      "type": "aws_eip",
      "name": "for_each",
      "provider": "provider[\"registry.terraform.io/hashicorp/aws\"]",
      "instances": [
        {
          "index_key": 0,
          "schema_version": 0,
          "attributes": {
            "allocation_id": null,
            "associate_with_private_ip": null,
            "association_id": "eipassoc-0b91a2f8bdfb2b351",
            "carrier_ip": "",
            "customer_owned_ip": "",
            "customer_owned_ipv4_pool": "",
            "domain": "vpc",
            "id": "eipalloc-06d248e394072b7da",
            "instance": "i-04f8bcf873be1bb5b",
            "network_border_group": "us-east-1",
            "network_interface": "eni-01f0ab1e0dcd56f5d",
            "private_dns": "ip-10-0-100-128.ec2.internal",
            "private_ip": "10.0.100.128",
            "public_dns": "ec2-52-21-244-154.compute-1.amazonaws.com",
            "public_ip": "52.21.244.154",
            "public_ipv4_pool": "amazon",
            "tags": null,
            "timeouts": null,
            "vpc": true
          },
          "sensitive_attributes": [],
          "private": "eyJlMmJmYjczMC1lY2FhLTExZTYtOGY4OC0zNDM2M2JjN2M0YzAiOnsiZGVsZXRlIjoxODAwMDAwMDAwMDAsInJlYWQiOjkwMDAwMDAwMDAwMCwidXBkYXRlIjozMDAwMDAwMDAwMDB9fQ==",
          "dependencies": [
            "data.aws_ami.my_ami",
            "module.my_ec2.aws_instance.this",
            "module.my_sg.aws_security_group.this",
            "module.my_sg.aws_security_group.this_name_prefix",
            "module.my_vpc.aws_subnet.public",
            "module.my_vpc.aws_vpc.this",
            "module.my_vpc.aws_vpc_ipv4_cidr_block_association.this"
          ]
        }
      ]
    },
    {
      "mode": "managed",
      "type": "aws_key_pair",
      "name": "ec2-user-public",
      "provider": "provider[\"registry.terraform.io/hashicorp/aws\"]",
      "instances": [
        {
          "schema_version": 1,
          "attributes": {
            "arn": "arn:aws:ec2:us-east-1:021510583954:key-pair/ec2-user-publickey",
            "fingerprint": "d8:56:3c:36:ae:11:5e:10:4f:34:b8:f0:b2:32:eb:18",
            "id": "ec2-user-publickey",
            "key_name": "ec2-user-publickey",
            "key_name_prefix": null,
            "key_pair_id": "key-0ef3c9a4a4a819d3d",
            "public_key": "ssh-rsa AAAAB3NzaC1yc2EAAAADAQABAAABAQDMVFg4T9xpmygL6+2bHKqNzhhwvykMBsWu7nUhLEaetMJE5hlrEfvZvzmQ0Bu9NyEe6jpVFxoYS29Ypurg8beGXM2kLaruXUK5XkCfQgQfDEEPVKAnyTONL4f/1yfQ4DFQ9L4zbMk8VYmEjX02I0mZxenAV2bl63DsgZ2nPxJAcnBg8fMo1xoZdaThQ4T3xJuWkg88nfGiAICjFGQUc5KLLQjsYyjCdf4s/8Qc2Wpx2hnKFELCkiF+J0c7a8VMjus7v5o7u20kiMZTTu6DPZca4J9pnSlSmdH/4UgDdwFdbe2hU8KB7ocX7CgmDkLoOMg2x7dwNa2XjLUTm5gA+yAx ec2-user@ip-10-0-100-233.us-east-2.compute.internal",
            "tags": null
          },
          "sensitive_attributes": [],
          "private": "eyJzY2hlbWFfdmVyc2lvbiI6IjEifQ=="
        }
      ]
    },
    {
      "module": "module.my_ec2",
      "mode": "managed",
      "type": "aws_instance",
      "name": "this",
      "provider": "provider[\"registry.terraform.io/hashicorp/aws\"]",
      "instances": [
        {
          "index_key": 0,
          "schema_version": 1,
          "attributes": {
            "ami": "ami-03a0f065cf8cd2683",
            "arn": "arn:aws:ec2:us-east-1:021510583954:instance/i-04f8bcf873be1bb5b",
            "associate_public_ip_address": true,
            "availability_zone": "us-east-1a",
            "cpu_core_count": 1,
            "cpu_threads_per_core": 1,
            "credit_specification": [
              {
                "cpu_credits": "standard"
              }
            ],
            "disable_api_termination": false,
            "ebs_block_device": [],
            "ebs_optimized": false,
            "enclave_options": [
              {
                "enabled": false
              }
            ],
            "ephemeral_block_device": [],
            "get_password_data": false,
            "hibernation": false,
            "host_id": null,
            "iam_instance_profile": "",
            "id": "i-04f8bcf873be1bb5b",
            "instance_initiated_shutdown_behavior": "",
            "instance_state": "running",
            "instance_type": "t2.micro",
            "ipv6_address_count": 0,
            "ipv6_addresses": [],
            "key_name": "ec2-user-publickey",
            "metadata_options": [
              {
                "http_endpoint": "enabled",
                "http_put_response_hop_limit": 1,
                "http_tokens": "optional"
              }
            ],
            "monitoring": false,
            "network_interface": [],
            "outpost_arn": "",
            "password_data": "",
            "placement_group": "",
            "primary_network_interface_id": "eni-01f0ab1e0dcd56f5d",
            "private_dns": "ip-10-0-100-128.ec2.internal",
            "private_ip": "10.0.100.128",
            "public_dns": "ec2-3-92-200-201.compute-1.amazonaws.com",
            "public_ip": "3.92.200.201",
            "root_block_device": [
              {
                "delete_on_termination": true,
                "device_name": "/dev/xvda",
                "encrypted": false,
                "iops": 100,
                "kms_key_id": "",
                "tags": {},
                "throughput": 0,
                "volume_id": "vol-0067b92185816c013",
                "volume_size": 8,
                "volume_type": "gp2"
              }
            ],
            "secondary_private_ips": [],
            "security_groups": [],
            "source_dest_check": true,
            "subnet_id": "subnet-0dd43cc6710beef22",
            "tags": {
              "Name": "web_server"
            },
            "tenancy": "default",
            "timeouts": null,
            "user_data": "e23025ce16bd8347f7ba961a7411718c423aaa92",
            "user_data_base64": null,
            "volume_tags": {
              "Name": "web_server"
            },
            "vpc_security_group_ids": [
              "sg-00a05495373722bd8"
            ]
          },
          "sensitive_attributes": [],
          "private": "eyJlMmJmYjczMC1lY2FhLTExZTYtOGY4OC0zNDM2M2JjN2M0YzAiOnsiY3JlYXRlIjo2MDAwMDAwMDAwMDAsImRlbGV0ZSI6MTIwMDAwMDAwMDAwMCwidXBkYXRlIjo2MDAwMDAwMDAwMDB9LCJzY2hlbWFfdmVyc2lvbiI6IjEifQ==",
          "dependencies": [
            "data.aws_ami.my_ami",
            "module.my_sg.aws_security_group.this",
            "module.my_sg.aws_security_group.this_name_prefix",
            "module.my_vpc.aws_subnet.public",
            "module.my_vpc.aws_vpc.this",
            "module.my_vpc.aws_vpc_ipv4_cidr_block_association.this"
          ]
        }
      ]
    },
    {
      "module": "module.my_sg",
      "mode": "managed",
      "type": "aws_security_group",
      "name": "this_name_prefix",
      "provider": "provider[\"registry.terraform.io/hashicorp/aws\"]",
      "instances": [
        {
          "index_key": 0,
          "schema_version": 1,
          "attributes": {
            "arn": "arn:aws:ec2:us-east-1:021510583954:security-group/sg-00a05495373722bd8",
            "description": "Security group for web_server and ssh access",
            "egress": [],
            "id": "sg-00a05495373722bd8",
            "ingress": [],
            "name": "my-sg-20210328181843531000000001",
            "name_prefix": "my-sg-",
            "owner_id": "021510583954",
            "revoke_rules_on_delete": false,
            "tags": {
              "Name": "my-sg"
            },
            "timeouts": null,
            "vpc_id": "vpc-038eb088413b37f96"
          },
          "sensitive_attributes": [],
          "private": "eyJlMmJmYjczMC1lY2FhLTExZTYtOGY4OC0zNDM2M2JjN2M0YzAiOnsiY3JlYXRlIjo2MDAwMDAwMDAwMDAsImRlbGV0ZSI6NjAwMDAwMDAwMDAwfSwic2NoZW1hX3ZlcnNpb24iOiIxIn0=",
          "dependencies": [
            "module.my_vpc.aws_vpc.this"
          ],
          "create_before_destroy": true
        }
      ]
    },
    {
      "module": "module.my_sg",
      "mode": "managed",
      "type": "aws_security_group_rule",
      "name": "egress_rules",
      "provider": "provider[\"registry.terraform.io/hashicorp/aws\"]",
      "instances": [
        {
          "index_key": 0,
          "schema_version": 2,
          "attributes": {
            "cidr_blocks": [
              "0.0.0.0/0"
            ],
            "description": "All protocols",
            "from_port": -1,
            "id": "sgrule-3725346152",
            "ipv6_cidr_blocks": [
              "::/0"
            ],
            "prefix_list_ids": [],
            "protocol": "-1",
            "security_group_id": "sg-00a05495373722bd8",
            "self": false,
            "source_security_group_id": null,
            "to_port": -1,
            "type": "egress"
          },
          "sensitive_attributes": [],
          "private": "eyJzY2hlbWFfdmVyc2lvbiI6IjIifQ==",
          "dependencies": [
            "module.my_sg.aws_security_group.this",
            "module.my_sg.aws_security_group.this_name_prefix",
            "module.my_vpc.aws_vpc.this"
          ]
        }
      ]
    },
    {
      "module": "module.my_sg",
      "mode": "managed",
      "type": "aws_security_group_rule",
      "name": "ingress_rules",
      "provider": "provider[\"registry.terraform.io/hashicorp/aws\"]",
      "instances": [
        {
          "index_key": 0,
          "schema_version": 2,
          "attributes": {
            "cidr_blocks": [
              "0.0.0.0/0"
            ],
            "description": "HTTPS",
            "from_port": 443,
            "id": "sgrule-711488096",
            "ipv6_cidr_blocks": [],
            "prefix_list_ids": [],
            "protocol": "tcp",
            "security_group_id": "sg-00a05495373722bd8",
            "self": false,
            "source_security_group_id": null,
            "to_port": 443,
            "type": "ingress"
          },
          "sensitive_attributes": [],
          "private": "eyJzY2hlbWFfdmVyc2lvbiI6IjIifQ==",
          "dependencies": [
            "module.my_sg.aws_security_group.this",
            "module.my_sg.aws_security_group.this_name_prefix",
            "module.my_vpc.aws_vpc.this"
          ]
        },
        {
          "index_key": 1,
          "schema_version": 2,
          "attributes": {
            "cidr_blocks": [
              "0.0.0.0/0"
            ],
            "description": "HTTP",
            "from_port": 80,
            "id": "sgrule-3191988802",
            "ipv6_cidr_blocks": [],
            "prefix_list_ids": [],
            "protocol": "tcp",
            "security_group_id": "sg-00a05495373722bd8",
            "self": false,
            "source_security_group_id": null,
            "to_port": 80,
            "type": "ingress"
          },
          "sensitive_attributes": [],
          "private": "eyJzY2hlbWFfdmVyc2lvbiI6IjIifQ==",
          "dependencies": [
            "module.my_sg.aws_security_group.this",
            "module.my_sg.aws_security_group.this_name_prefix",
            "module.my_vpc.aws_vpc.this"
          ]
        },
        {
          "index_key": 2,
          "schema_version": 2,
          "attributes": {
            "cidr_blocks": [
              "0.0.0.0/0"
            ],
            "description": "SSH",
            "from_port": 22,
            "id": "sgrule-147570679",
            "ipv6_cidr_blocks": [],
            "prefix_list_ids": [],
            "protocol": "tcp",
            "security_group_id": "sg-00a05495373722bd8",
            "self": false,
            "source_security_group_id": null,
            "to_port": 22,
            "type": "ingress"
          },
          "sensitive_attributes": [],
          "private": "eyJzY2hlbWFfdmVyc2lvbiI6IjIifQ==",
          "dependencies": [
            "module.my_sg.aws_security_group.this",
            "module.my_sg.aws_security_group.this_name_prefix",
            "module.my_vpc.aws_vpc.this"
          ]
        },
        {
          "index_key": 3,
          "schema_version": 2,
          "attributes": {
            "cidr_blocks": [
              "0.0.0.0/0"
            ],
            "description": "HTTP",
            "from_port": 8080,
            "id": "sgrule-2348619811",
            "ipv6_cidr_blocks": [],
            "prefix_list_ids": [],
            "protocol": "tcp",
            "security_group_id": "sg-00a05495373722bd8",
            "self": false,
            "source_security_group_id": null,
            "to_port": 8080,
            "type": "ingress"
          },
          "sensitive_attributes": [],
          "private": "eyJzY2hlbWFfdmVyc2lvbiI6IjIifQ==",
          "dependencies": [
            "module.my_sg.aws_security_group.this",
            "module.my_sg.aws_security_group.this_name_prefix",
            "module.my_vpc.aws_vpc.this"
          ]
        }
      ]
    },
    {
      "module": "module.my_vpc",
      "mode": "managed",
      "type": "aws_internet_gateway",
      "name": "this",
      "provider": "provider[\"registry.terraform.io/hashicorp/aws\"]",
      "instances": [
        {
          "index_key": 0,
          "schema_version": 0,
          "attributes": {
            "arn": "arn:aws:ec2:us-east-1:021510583954:internet-gateway/igw-092be9e80e2f925a7",
            "id": "igw-092be9e80e2f925a7",
            "owner_id": "021510583954",
            "tags": {
              "Name": "terra-2-igw"
            },
            "vpc_id": "vpc-038eb088413b37f96"
          },
          "sensitive_attributes": [],
          "private": "bnVsbA==",
          "dependencies": [
            "module.my_vpc.aws_vpc.this",
            "module.my_vpc.aws_vpc_ipv4_cidr_block_association.this"
          ]
        }
      ]
    },
    {
      "module": "module.my_vpc",
      "mode": "managed",
      "type": "aws_route",
      "name": "public_internet_gateway",
      "provider": "provider[\"registry.terraform.io/hashicorp/aws\"]",
      "instances": [
        {
          "index_key": 0,
          "schema_version": 0,
          "attributes": {
            "destination_cidr_block": "0.0.0.0/0",
            "destination_ipv6_cidr_block": "",
            "destination_prefix_list_id": "",
            "egress_only_gateway_id": "",
            "gateway_id": "igw-092be9e80e2f925a7",
            "id": "r-rtb-0c4aaa0c81f5c91611080289494",
            "instance_id": "",
            "instance_owner_id": "",
            "local_gateway_id": "",
            "nat_gateway_id": "",
            "network_interface_id": "",
            "origin": "CreateRoute",
            "route_table_id": "rtb-0c4aaa0c81f5c9161",
            "state": "active",
            "timeouts": {
              "create": "5m",
              "delete": null
            },
            "transit_gateway_id": "",
            "vpc_endpoint_id": "",
            "vpc_peering_connection_id": ""
          },
          "sensitive_attributes": [],
          "private": "eyJlMmJmYjczMC1lY2FhLTExZTYtOGY4OC0zNDM2M2JjN2M0YzAiOnsiY3JlYXRlIjozMDAwMDAwMDAwMDAsImRlbGV0ZSI6MzAwMDAwMDAwMDAwfX0=",
          "dependencies": [
            "module.my_vpc.aws_internet_gateway.this",
            "module.my_vpc.aws_route_table.public",
            "module.my_vpc.aws_vpc.this",
            "module.my_vpc.aws_vpc_ipv4_cidr_block_association.this"
          ]
        }
      ]
    },
    {
      "module": "module.my_vpc",
      "mode": "managed",
      "type": "aws_route_table",
      "name": "private",
      "provider": "provider[\"registry.terraform.io/hashicorp/aws\"]",
      "instances": [
        {
          "index_key": 0,
          "schema_version": 0,
          "attributes": {
            "id": "rtb-097859c6b5d6676f1",
            "owner_id": "021510583954",
            "propagating_vgws": [],
            "route": [],
            "tags": {
              "Name": "terra-2-vpc-private-us-east-1a"
            },
            "vpc_id": "vpc-038eb088413b37f96"
          },
          "sensitive_attributes": [],
          "private": "bnVsbA==",
          "dependencies": [
            "module.my_vpc.aws_vpc.this",
            "module.my_vpc.aws_vpc_ipv4_cidr_block_association.this"
          ]
        }
      ]
    },
    {
      "module": "module.my_vpc",
      "mode": "managed",
      "type": "aws_route_table",
      "name": "public",
      "provider": "provider[\"registry.terraform.io/hashicorp/aws\"]",
      "instances": [
        {
          "index_key": 0,
          "schema_version": 0,
          "attributes": {
            "id": "rtb-0c4aaa0c81f5c9161",
            "owner_id": "021510583954",
            "propagating_vgws": [],
            "route": [],
            "tags": {
              "Name": "terra-2-vpc-public"
            },
            "vpc_id": "vpc-038eb088413b37f96"
          },
          "sensitive_attributes": [],
          "private": "bnVsbA==",
          "dependencies": [
            "module.my_vpc.aws_vpc.this",
            "module.my_vpc.aws_vpc_ipv4_cidr_block_association.this"
          ]
        }
      ]
    },
    {
      "module": "module.my_vpc",
      "mode": "managed",
      "type": "aws_route_table_association",
      "name": "private",
      "provider": "provider[\"registry.terraform.io/hashicorp/aws\"]",
      "instances": [
        {
          "index_key": 0,
          "schema_version": 0,
          "attributes": {
            "gateway_id": null,
            "id": "rtbassoc-0bd9ce0ba5e5a11fa",
            "route_table_id": "rtb-097859c6b5d6676f1",
            "subnet_id": "subnet-04c1c22ad80d60680"
          },
          "sensitive_attributes": [],
          "private": "bnVsbA==",
          "dependencies": [
            "module.my_vpc.aws_route_table.private",
            "module.my_vpc.aws_subnet.private",
            "module.my_vpc.aws_vpc.this",
            "module.my_vpc.aws_vpc_ipv4_cidr_block_association.this"
          ]
        }
      ]
    },
    {
      "module": "module.my_vpc",
      "mode": "managed",
      "type": "aws_route_table_association",
      "name": "public",
      "provider": "provider[\"registry.terraform.io/hashicorp/aws\"]",
      "instances": [
        {
          "index_key": 0,
          "schema_version": 0,
          "attributes": {
            "gateway_id": null,
            "id": "rtbassoc-002b135c3af997637",
            "route_table_id": "rtb-0c4aaa0c81f5c9161",
            "subnet_id": "subnet-0dd43cc6710beef22"
          },
          "sensitive_attributes": [],
          "private": "bnVsbA==",
          "dependencies": [
            "module.my_vpc.aws_route_table.public",
            "module.my_vpc.aws_subnet.public",
            "module.my_vpc.aws_vpc.this",
            "module.my_vpc.aws_vpc_ipv4_cidr_block_association.this"
          ]
        }
      ]
    },
    {
      "module": "module.my_vpc",
      "mode": "managed",
      "type": "aws_subnet",
      "name": "private",
      "provider": "provider[\"registry.terraform.io/hashicorp/aws\"]",
      "instances": [
        {
          "index_key": 0,
          "schema_version": 1,
          "attributes": {
            "arn": "arn:aws:ec2:us-east-1:021510583954:subnet/subnet-04c1c22ad80d60680",
            "assign_ipv6_address_on_creation": false,
            "availability_zone": "us-east-1a",
            "availability_zone_id": "use1-az2",
            "cidr_block": "10.0.1.0/24",
            "customer_owned_ipv4_pool": "",
            "id": "subnet-04c1c22ad80d60680",
            "ipv6_cidr_block": "",
            "ipv6_cidr_block_association_id": "",
            "map_customer_owned_ip_on_launch": false,
            "map_public_ip_on_launch": false,
            "outpost_arn": "",
            "owner_id": "021510583954",
            "tags": {
              "Name": "terra-2-private-subnet-a"
            },
            "tags_all": {
              "Name": "terra-2-private-subnet-a"
            },
            "timeouts": null,
            "vpc_id": "vpc-038eb088413b37f96"
          },
          "sensitive_attributes": [],
          "private": "eyJlMmJmYjczMC1lY2FhLTExZTYtOGY4OC0zNDM2M2JjN2M0YzAiOnsiY3JlYXRlIjo2MDAwMDAwMDAwMDAsImRlbGV0ZSI6MTIwMDAwMDAwMDAwMH0sInNjaGVtYV92ZXJzaW9uIjoiMSJ9",
          "dependencies": [
            "module.my_vpc.aws_vpc.this",
            "module.my_vpc.aws_vpc_ipv4_cidr_block_association.this"
          ]
        }
      ]
    },
    {
      "module": "module.my_vpc",
      "mode": "managed",
      "type": "aws_subnet",
      "name": "public",
      "provider": "provider[\"registry.terraform.io/hashicorp/aws\"]",
      "instances": [
        {
          "index_key": 0,
          "schema_version": 1,
          "attributes": {
            "arn": "arn:aws:ec2:us-east-1:021510583954:subnet/subnet-0dd43cc6710beef22",
            "assign_ipv6_address_on_creation": false,
            "availability_zone": "us-east-1a",
            "availability_zone_id": "use1-az2",
            "cidr_block": "10.0.100.0/24",
            "customer_owned_ipv4_pool": "",
            "id": "subnet-0dd43cc6710beef22",
            "ipv6_cidr_block": "",
            "ipv6_cidr_block_association_id": "",
            "map_customer_owned_ip_on_launch": false,
            "map_public_ip_on_launch": true,
            "outpost_arn": "",
            "owner_id": "021510583954",
            "tags": {
              "Name": "terra-2-public-subnet-a"
            },
            "tags_all": {
              "Name": "terra-2-public-subnet-a"
            },
            "timeouts": null,
            "vpc_id": "vpc-038eb088413b37f96"
          },
          "sensitive_attributes": [],
          "private": "eyJlMmJmYjczMC1lY2FhLTExZTYtOGY4OC0zNDM2M2JjN2M0YzAiOnsiY3JlYXRlIjo2MDAwMDAwMDAwMDAsImRlbGV0ZSI6MTIwMDAwMDAwMDAwMH0sInNjaGVtYV92ZXJzaW9uIjoiMSJ9",
          "dependencies": [
            "module.my_vpc.aws_vpc.this",
            "module.my_vpc.aws_vpc_ipv4_cidr_block_association.this"
          ]
        }
      ]
    },
    {
      "module": "module.my_vpc",
      "mode": "managed",
      "type": "aws_vpc",
      "name": "this",
      "provider": "provider[\"registry.terraform.io/hashicorp/aws\"]",
      "instances": [
        {
          "index_key": 0,
          "schema_version": 1,
          "attributes": {
            "arn": "arn:aws:ec2:us-east-1:021510583954:vpc/vpc-038eb088413b37f96",
            "assign_generated_ipv6_cidr_block": false,
            "cidr_block": "10.0.0.0/16",
            "default_network_acl_id": "acl-0cc4127d150f0c3e8",
            "default_route_table_id": "rtb-0ef2a90eb21eb891a",
            "default_security_group_id": "sg-04c2d4f09bc7b77d4",
            "dhcp_options_id": "dopt-2acf9c50",
            "enable_classiclink": false,
            "enable_classiclink_dns_support": false,
            "enable_dns_hostnames": true,
            "enable_dns_support": true,
            "id": "vpc-038eb088413b37f96",
            "instance_tenancy": "default",
            "ipv6_association_id": "",
            "ipv6_cidr_block": "",
            "main_route_table_id": "rtb-0ef2a90eb21eb891a",
            "owner_id": "021510583954",
            "tags": {
              "Name": "terra-2-vpc"
            },
            "tags_all": {
              "Name": "terra-2-vpc"
            }
          },
          "sensitive_attributes": [],
          "private": "eyJzY2hlbWFfdmVyc2lvbiI6IjEifQ==",
          "create_before_destroy": true
        }
      ]
    }
  ]
}
